
Microsoft Visual Studio Solution File, Format Version 12.00
# Visual Studio Version 17
VisualStudioVersion = 17.4.33205.214
MinimumVisualStudioVersion = 10.0.40219.1
Project("{FAE04EC0-301F-11D3-BF4B-00C04F79EFBC}") = "StoreApp", "StoreApp\StoreApp.csproj", "{27A91538-3099-4F5A-AFFE-4250452C0553}"
EndProject
Global
	GlobalSection(SolutionConfigurationPlatforms) = preSolution
		Debug|Any CPU = Debug|Any CPU
		Release|Any CPU = Release|Any CPU
	EndGlobalSection
	GlobalSection(ProjectConfigurationPlatforms) = postSolution
		{27A91538-3099-4F5A-AFFE-4250452C0553}.Debug|Any CPU.ActiveCfg = Debug|Any CPU
		{27A91538-3099-4F5A-AFFE-4250452C0553}.Debug|Any CPU.Build.0 = Debug|Any CPU
		{27A91538-3099-4F5A-AFFE-4250452C0553}.Release|Any CPU.ActiveCfg = Release|Any CPU
		{27A91538-3099-4F5A-AFFE-4250452C0553}.Release|Any CPU.Build.0 = Release|Any CPU
	EndGlobalSection
	GlobalSection(SolutionProperties) = preSolution
		HideSolutionNode = FALSE
	EndGlobalSection
	GlobalSection(ExtensibilityGlobals) = postSolution
		SolutionGuid = {51070890-3246-47B7-9DC3-3F044DDE5167}
	EndGlobalSection
EndGlobal
