
Microsoft Visual Studio Solution File, Format Version 12.00
# Visual Studio Version 17
VisualStudioVersion = 17.4.33103.184
MinimumVisualStudioVersion = 10.0.40219.1
Project("{FAE04EC0-301F-11D3-BF4B-00C04F79EFBC}") = "Exercise1", "Exercise1\Exercise1.csproj", "{C0543B74-3043-437A-974E-8A517E6FC81E}"
EndProject
Project("{FAE04EC0-301F-11D3-BF4B-00C04F79EFBC}") = "Exercise2", "Exercise2\Exercise2.csproj", "{BB6B86CA-312C-4342-981A-E853FE4E7F40}"
EndProject
Project("{FAE04EC0-301F-11D3-BF4B-00C04F79EFBC}") = "Exercise3", "Exercise3\Exercise3.csproj", "{FA94846A-1805-43AF-B911-71D2B18532EC}"
EndProject
Project("{FAE04EC0-301F-11D3-BF4B-00C04F79EFBC}") = "Exercise4", "Exercise4\Exercise4.csproj", "{F1CBAD6B-3D7D-4E2D-8F96-A1D98D27A07E}"
EndProject
Project("{FAE04EC0-301F-11D3-BF4B-00C04F79EFBC}") = "Exercise5", "Exercise5\Exercise5.csproj", "{B3AC4F93-722B-4E35-8A6E-5EF0E0410FE4}"
EndProject
Project("{FAE04EC0-301F-11D3-BF4B-00C04F79EFBC}") = "Exercise6", "Exercise6\Exercise6.csproj", "{F68F04AF-599D-4D4A-A709-C5BAF9ABDEDE}"
EndProject
Global
	GlobalSection(SolutionConfigurationPlatforms) = preSolution
		Debug|Any CPU = Debug|Any CPU
		Release|Any CPU = Release|Any CPU
	EndGlobalSection
	GlobalSection(ProjectConfigurationPlatforms) = postSolution
		{C0543B74-3043-437A-974E-8A517E6FC81E}.Debug|Any CPU.ActiveCfg = Debug|Any CPU
		{C0543B74-3043-437A-974E-8A517E6FC81E}.Debug|Any CPU.Build.0 = Debug|Any CPU
		{C0543B74-3043-437A-974E-8A517E6FC81E}.Release|Any CPU.ActiveCfg = Release|Any CPU
		{C0543B74-3043-437A-974E-8A517E6FC81E}.Release|Any CPU.Build.0 = Release|Any CPU
		{BB6B86CA-312C-4342-981A-E853FE4E7F40}.Debug|Any CPU.ActiveCfg = Debug|Any CPU
		{BB6B86CA-312C-4342-981A-E853FE4E7F40}.Debug|Any CPU.Build.0 = Debug|Any CPU
		{BB6B86CA-312C-4342-981A-E853FE4E7F40}.Release|Any CPU.ActiveCfg = Release|Any CPU
		{BB6B86CA-312C-4342-981A-E853FE4E7F40}.Release|Any CPU.Build.0 = Release|Any CPU
		{FA94846A-1805-43AF-B911-71D2B18532EC}.Debug|Any CPU.ActiveCfg = Debug|Any CPU
		{FA94846A-1805-43AF-B911-71D2B18532EC}.Debug|Any CPU.Build.0 = Debug|Any CPU
		{FA94846A-1805-43AF-B911-71D2B18532EC}.Release|Any CPU.ActiveCfg = Release|Any CPU
		{FA94846A-1805-43AF-B911-71D2B18532EC}.Release|Any CPU.Build.0 = Release|Any CPU
		{F1CBAD6B-3D7D-4E2D-8F96-A1D98D27A07E}.Debug|Any CPU.ActiveCfg = Debug|Any CPU
		{F1CBAD6B-3D7D-4E2D-8F96-A1D98D27A07E}.Debug|Any CPU.Build.0 = Debug|Any CPU
		{F1CBAD6B-3D7D-4E2D-8F96-A1D98D27A07E}.Release|Any CPU.ActiveCfg = Release|Any CPU
		{F1CBAD6B-3D7D-4E2D-8F96-A1D98D27A07E}.Release|Any CPU.Build.0 = Release|Any CPU
		{B3AC4F93-722B-4E35-8A6E-5EF0E0410FE4}.Debug|Any CPU.ActiveCfg = Debug|Any CPU
		{B3AC4F93-722B-4E35-8A6E-5EF0E0410FE4}.Debug|Any CPU.Build.0 = Debug|Any CPU
		{B3AC4F93-722B-4E35-8A6E-5EF0E0410FE4}.Release|Any CPU.ActiveCfg = Release|Any CPU
		{B3AC4F93-722B-4E35-8A6E-5EF0E0410FE4}.Release|Any CPU.Build.0 = Release|Any CPU
		{F68F04AF-599D-4D4A-A709-C5BAF9ABDEDE}.Debug|Any CPU.ActiveCfg = Debug|Any CPU
		{F68F04AF-599D-4D4A-A709-C5BAF9ABDEDE}.Debug|Any CPU.Build.0 = Debug|Any CPU
		{F68F04AF-599D-4D4A-A709-C5BAF9ABDEDE}.Release|Any CPU.ActiveCfg = Release|Any CPU
		{F68F04AF-599D-4D4A-A709-C5BAF9ABDEDE}.Release|Any CPU.Build.0 = Release|Any CPU
	EndGlobalSection
	GlobalSection(SolutionProperties) = preSolution
		HideSolutionNode = FALSE
	EndGlobalSection
	GlobalSection(ExtensibilityGlobals) = postSolution
		SolutionGuid = {2025563B-7CB4-4866-8832-23E03A107C0E}
	EndGlobalSection
EndGlobal
